{
  "name": "learn-typescript",
  "version": "1.0.0",
  "lockfileVersion": 2,
  "requires": true,
  "packages": {
    "": {
      "name": "learn-typescript",
      "version": "1.0.0",
      "license": "ISC",
      "dependencies": {
        "typescript": "^4.4.3"
      },
      "devDependencies": {
        "@types/node": "^16.11.3"
      }
    },
    "node_modules/@types/node": {
      "version": "16.18.2",
      "resolved": "https://registry.npmjs.org/@types/node/-/node-16.18.2.tgz",
      "integrity": "sha512-KIGQJyya+opDCFvDSZMNNS899ov5jlNdtN7PypgHWeb8e+5vWISdwTRo/ClsNVlmDihzOGqFyNBDamUs7TQQCA==",
      "dev": true
    },
    "node_modules/typescript": {
      "version": "4.4.3",
      "resolved": "https://registry.npmjs.org/typescript/-/typescript-4.4.3.tgz",
      "integrity": "sha512-4xfscpisVgqqDfPaJo5vkd+Qd/ItkoagnHpufr+i2QCHBsNYp+G7UAoyFl8aPtx879u38wPV65rZ8qbGZijalA==",
      "bin": {
        "tsc": "bin/tsc",
        "tsserver": "bin/tsserver"
      },
      "engines": {
        "node": ">=4.2.0"
      }
    }
  },
  "dependencies": {
    "@types/node": {
      "version": "16.18.2",
      "resolved": "https://registry.npmjs.org/@types/node/-/node-16.18.2.tgz",
      "integrity": "sha512-KIGQJyya+opDCFvDSZMNNS899ov5jlNdtN7PypgHWeb8e+5vWISdwTRo/ClsNVlmDihzOGqFyNBDamUs7TQQCA==",
      "dev": true
    },
    "typescript": {
      "version": "4.4.3",
      "resolved": "https://registry.npmjs.org/typescript/-/typescript-4.4.3.tgz",
      "integrity": "sha512-4xfscpisVgqqDfPaJo5vkd+Qd/ItkoagnHpufr+i2QCHBsNYp+G7UAoyFl8aPtx879u38wPV65rZ8qbGZijalA=="
    }
  }
}
